// !$*UTF8*$!
{
	archiveVersion = 1;
	classes = {
	};
	objectVersion = 46;
	objects = {

/* Begin PBXBuildFile section */
		A724A3981C7CD0DD00EFE699 /* AppDelegate.swift in Sources */ = {isa = PBXBuildFile; fileRef = A724A3971C7CD0DD00EFE699 /* AppDelegate.swift */; };
		A724A39A1C7CD0DD00EFE699 /* ViewController.swift in Sources */ = {isa = PBXBuildFile; fileRef = A724A3991C7CD0DD00EFE699 /* ViewController.swift */; };
		A724A39D1C7CD0DD00EFE699 /* Main.storyboard in Resources */ = {isa = PBXBuildFile; fileRef = A724A39B1C7CD0DD00EFE699 /* Main.storyboard */; };
		A724A39F1C7CD0DD00EFE699 /* Images.xcassets in Resources */ = {isa = PBXBuildFile; fileRef = A724A39E1C7CD0DD00EFE699 /* Images.xcassets */; };
		A724A3A21C7CD0DD00EFE699 /* LaunchScreen.xib in Resources */ = {isa = PBXBuildFile; fileRef = A724A3A01C7CD0DD00EFE699 /* LaunchScreen.xib */; };
		A724A3AE1C7CD0DD00EFE699 /* TCAlertViewSwiftTests.swift in Sources */ = {isa = PBXBuildFile; fileRef = A724A3AD1C7CD0DD00EFE699 /* TCAlertViewSwiftTests.swift */; };
		A724A3BB1C7CD38D00EFE699 /* TCAlertView.m in Sources */ = {isa = PBXBuildFile; fileRef = A724A3BA1C7CD38D00EFE699 /* TCAlertView.m */; };
/* End PBXBuildFile section */

/* Begin PBXContainerItemProxy section */
		A724A3A81C7CD0DD00EFE699 /* PBXContainerItemProxy */ = {
			isa = PBXContainerItemProxy;
			containerPortal = A724A38A1C7CD0DD00EFE699 /* Project object */;
			proxyType = 1;
			remoteGlobalIDString = A724A3911C7CD0DD00EFE699;
			remoteInfo = TCAlertViewSwift;
		};
/* End PBXContainerItemProxy section */

/* Begin PBXFileReference section */
		A724A3921C7CD0DD00EFE699 /* TCAlertViewSwift.app */ = {isa = PBXFileReference; explicitFileType = wrapper.application; includeInIndex = 0; path = TCAlertViewSwift.app; sourceTree = BUILT_PRODUCTS_DIR; };
		A724A3961C7CD0DD00EFE699 /* Info.plist */ = {isa = PBXFileReference; lastKnownFileType = text.plist.xml; path = Info.plist; sourceTree = "<group>"; };
		A724A3971C7CD0DD00EFE699 /* AppDelegate.swift */ = {isa = PBXFileReference; lastKnownFileType = sourcecode.swift; path = AppDelegate.swift; sourceTree = "<group>"; };
		A724A3991C7CD0DD00EFE699 /* ViewController.swift */ = {isa = PBXFileReference; lastKnownFileType = sourcecode.swift; path = ViewController.swift; sourceTree = "<group>"; };
		A724A39C1C7CD0DD00EFE699 /* Base */ = {isa = PBXFileReference; lastKnownFileType = file.storyboard; name = Base; path = Base.lproj/Main.storyboard; sourceTree = "<group>"; };
		A724A39E1C7CD0DD00EFE699 /* Images.xcassets */ = {isa = PBXFileReference; lastKnownFileType = folder.assetcatalog; path = Images.xcassets; sourceTree = "<group>"; };
		A724A3A11C7CD0DD00EFE699 /* Base */ = {isa = PBXFileReference; lastKnownFileType = file.xib; name = Base; path = Base.lproj/LaunchScreen.xib; sourceTree = "<group>"; };
		A724A3A71C7CD0DD00EFE699 /* TCAlertViewSwiftTests.xctest */ = {isa = PBXFileReference; explicitFileType = wrapper.cfbundle; includeInIndex = 0; path = TCAlertViewSwiftTests.xctest; sourceTree = BUILT_PRODUCTS_DIR; };
		A724A3AC1C7CD0DD00EFE699 /* Info.plist */ = {isa = PBXFileReference; lastKnownFileType = text.plist.xml; path = Info.plist; sourceTree = "<group>"; };
		A724A3AD1C7CD0DD00EFE699 /* TCAlertViewSwiftTests.swift */ = {isa = PBXFileReference; lastKnownFileType = sourcecode.swift; path = TCAlertViewSwiftTests.swift; sourceTree = "<group>"; };
		A724A3B81C7CD38D00EFE699 /* TCAlertViewSwift-Bridging-Header.h */ = {isa = PBXFileReference; lastKnownFileType = sourcecode.c.h; path = "TCAlertViewSwift-Bridging-Header.h"; sourceTree = "<group>"; };
		A724A3B91C7CD38D00EFE699 /* TCAlertView.h */ = {isa = PBXFileReference; fileEncoding = 4; lastKnownFileType = sourcecode.c.h; path = TCAlertView.h; sourceTree = "<group>"; };
		A724A3BA1C7CD38D00EFE699 /* TCAlertView.m */ = {isa = PBXFileReference; fileEncoding = 4; lastKnownFileType = sourcecode.c.objc; path = TCAlertView.m; sourceTree = "<group>"; };
/* End PBXFileReference section */

/* Begin PBXFrameworksBuildPhase section */
		A724A38F1C7CD0DD00EFE699 /* Frameworks */ = {
			isa = PBXFrameworksBuildPhase;
			buildActionMask = 2147483647;
			files = (
			);
			runOnlyForDeploymentPostprocessing = 0;
		};
		A724A3A41C7CD0DD00EFE699 /* Frameworks */ = {
			isa = PBXFrameworksBuildPhase;
			buildActionMask = 2147483647;
			files = (
			);
			runOnlyForDeploymentPostprocessing = 0;
		};
/* End PBXFrameworksBuildPhase section */

/* Begin PBXGroup section */
		A724A3891C7CD0DD00EFE699 = {
			isa = PBXGroup;
			children = (
				A724A3941C7CD0DD00EFE699 /* TCAlertViewSwift */,
				A724A3AA1C7CD0DD00EFE699 /* TCAlertViewSwiftTests */,
				A724A3931C7CD0DD00EFE699 /* Products */,
			);
			sourceTree = "<group>";
		};
		A724A3931C7CD0DD00EFE699 /* Products */ = {
			isa = PBXGroup;
			children = (
				A724A3921C7CD0DD00EFE699 /* TCAlertViewSwift.app */,
				A724A3A71C7CD0DD00EFE699 /* TCAlertViewSwiftTests.xctest */,
			);
			name = Products;
			sourceTree = "<group>";
		};
		A724A3941C7CD0DD00EFE699 /* TCAlertViewSwift */ = {
			isa = PBXGroup;
			children = (
				A724A3B71C7CD37A00EFE699 /* AlertView */,
				A724A3971C7CD0DD00EFE699 /* AppDelegate.swift */,
				A724A3991C7CD0DD00EFE699 /* ViewController.swift */,
				A724A39B1C7CD0DD00EFE699 /* Main.storyboard */,
				A724A39E1C7CD0DD00EFE699 /* Images.xcassets */,
				A724A3A01C7CD0DD00EFE699 /* LaunchScreen.xib */,
				A724A3951C7CD0DD00EFE699 /* Supporting Files */,
			);
			path = TCAlertViewSwift;
			sourceTree = "<group>";
		};
		A724A3951C7CD0DD00EFE699 /* Supporting Files */ = {
			isa = PBXGroup;
			children = (
				A724A3961C7CD0DD00EFE699 /* Info.plist */,
			);
			name = "Supporting Files";
			sourceTree = "<group>";
		};
		A724A3AA1C7CD0DD00EFE699 /* TCAlertViewSwiftTests */ = {
			isa = PBXGroup;
			children = (
				A724A3AD1C7CD0DD00EFE699 /* TCAlertViewSwiftTests.swift */,
				A724A3AB1C7CD0DD00EFE699 /* Supporting Files */,
			);
			path = TCAlertViewSwiftTests;
			sourceTree = "<group>";
		};
		A724A3AB1C7CD0DD00EFE699 /* Supporting Files */ = {
			isa = PBXGroup;
			children = (
				A724A3AC1C7CD0DD00EFE699 /* Info.plist */,
			);
			name = "Supporting Files";
			sourceTree = "<group>";
		};
		A724A3B71C7CD37A00EFE699 /* AlertView */ = {
			isa = PBXGroup;
			children = (
				A724A3B91C7CD38D00EFE699 /* TCAlertView.h */,
				A724A3BA1C7CD38D00EFE699 /* TCAlertView.m */,
				A724A3B81C7CD38D00EFE699 /* TCAlertViewSwift-Bridging-Header.h */,
			);
			name = AlertView;
			sourceTree = "<group>";
		};
/* End PBXGroup section */

/* Begin PBXNativeTarget section */
		A724A3911C7CD0DD00EFE699 /* TCAlertViewSwift */ = {
			isa = PBXNativeTarget;
			buildConfigurationList = A724A3B11C7CD0DD00EFE699 /* Build configuration list for PBXNativeTarget "TCAlertViewSwift" */;
			buildPhases = (
				A724A38E1C7CD0DD00EFE699 /* Sources */,
				A724A38F1C7CD0DD00EFE699 /* Frameworks */,
				A724A3901C7CD0DD00EFE699 /* Resources */,
			);
			buildRules = (
			);
			dependencies = (
			);
			name = TCAlertViewSwift;
			productName = TCAlertViewSwift;
			productReference = A724A3921C7CD0DD00EFE699 /* TCAlertViewSwift.app */;
			productType = "com.apple.product-type.application";
		};
		A724A3A61C7CD0DD00EFE699 /* TCAlertViewSwiftTests */ = {
			isa = PBXNativeTarget;
			buildConfigurationList = A724A3B41C7CD0DD00EFE699 /* Build configuration list for PBXNativeTarget "TCAlertViewSwiftTests" */;
			buildPhases = (
				A724A3A31C7CD0DD00EFE699 /* Sources */,
				A724A3A41C7CD0DD00EFE699 /* Frameworks */,
				A724A3A51C7CD0DD00EFE699 /* Resources */,
			);
			buildRules = (
			);
			dependencies = (
				A724A3A91C7CD0DD00EFE699 /* PBXTargetDependency */,
			);
			name = TCAlertViewSwiftTests;
			productName = TCAlertViewSwiftTests;
			productReference = A724A3A71C7CD0DD00EFE699 /* TCAlertViewSwiftTests.xctest */;
			productType = "com.apple.product-type.bundle.unit-test";
		};
/* End PBXNativeTarget section */

/* Begin PBXProject section */
		A724A38A1C7CD0DD00EFE699 /* Project object */ = {
			isa = PBXProject;
			attributes = {
				LastUpgradeCheck = 0640;
				ORGANIZATIONNAME = Technocracker;
				TargetAttributes = {
					A724A3911C7CD0DD00EFE699 = {
						CreatedOnToolsVersion = 6.4;
					};
					A724A3A61C7CD0DD00EFE699 = {
						CreatedOnToolsVersion = 6.4;
						TestTargetID = A724A3911C7CD0DD00EFE699;
					};
				};
			};
			buildConfigurationList = A724A38D1C7CD0DD00EFE699 /* Build configuration list for PBXProject "TCAlertViewSwift" */;
			compatibilityVersion = "Xcode 3.2";
			developmentRegion = English;
			hasScannedForEncodings = 0;
			knownRegions = (
				en,
				Base,
			);
			mainGroup = A724A3891C7CD0DD00EFE699;
			productRefGroup = A724A3931C7CD0DD00EFE699 /* Products */;
			projectDirPath = "";
			projectRoot = "";
			targets = (
				A724A3911C7CD0DD00EFE699 /* TCAlertViewSwift */,
				A724A3A61C7CD0DD00EFE699 /* TCAlertViewSwiftTests */,
			);
		};
/* End PBXProject section */

/* Begin PBXResourcesBuildPhase section */
		A724A3901C7CD0DD00EFE699 /* Resources */ = {
			isa = PBXResourcesBuildPhase;
			buildActionMask = 2147483647;
			files = (
				A724A39D1C7CD0DD00EFE699 /* Main.storyboard in Resources */,
				A724A3A21C7CD0DD00EFE699 /* LaunchScreen.xib in Resources */,
				A724A39F1C7CD0DD00EFE699 /* Images.xcassets in Resources */,
			);
			runOnlyForDeploymentPostprocessing = 0;
		};
		A724A3A51C7CD0DD00EFE699 /* Resources */ = {
			isa = PBXResourcesBuildPhase;
			buildActionMask = 2147483647;
			files = (
			);
			runOnlyForDeploymentPostprocessing = 0;
		};
/* End PBXResourcesBuildPhase section */

/* Begin PBXSourcesBuildPhase section */
		A724A38E1C7CD0DD00EFE699 /* Sources */ = {
			isa = PBXSourcesBuildPhase;
			buildActionMask = 2147483647;
			files = (
				A724A3BB1C7CD38D00EFE699 /* TCAlertView.m in Sources */,
				A724A39A1C7CD0DD00EFE699 /* ViewController.swift in Sources */,
				A724A3981C7CD0DD00EFE699 /* AppDelegate.swift in Sources */,
			);
			runOnlyForDeploymentPostprocessing = 0;
		};
		A724A3A31C7CD0DD00EFE699 /* Sources */ = {
			isa = PBXSourcesBuildPhase;
			buildActionMask = 2147483647;
			files = (
				A724A3AE1C7CD0DD00EFE699 /* TCAlertViewSwiftTests.swift in Sources */,
			);
			runOnlyForDeploymentPostprocessing = 0;
		};
/* End PBXSourcesBuildPhase section */

/* Begin PBXTargetDependency section */
		A724A3A91C7CD0DD00EFE699 /* PBXTargetDependency */ = {
			isa = PBXTargetDependency;
			target = A724A3911C7CD0DD00EFE699 /* TCAlertViewSwift */;
			targetProxy = A724A3A81C7CD0DD00EFE699 /* PBXContainerItemProxy */;
		};
/* End PBXTargetDependency section */

/* Begin PBXVariantGroup section */
		A724A39B1C7CD0DD00EFE699 /* Main.storyboard */ = {
			isa = PBXVariantGroup;
			children = (
				A724A39C1C7CD0DD00EFE699 /* Base */,
			);
			name = Main.storyboard;
			sourceTree = "<group>";
		};
		A724A3A01C7CD0DD00EFE699 /* LaunchScreen.xib */ = {
			isa = PBXVariantGroup;
			children = (
				A724A3A11C7CD0DD00EFE699 /* Base */,
			);
			name = LaunchScreen.xib;
			sourceTree = "<group>";
		};
/* End PBXVariantGroup section */

/* Begin XCBuildConfiguration section */
		A724A3AF1C7CD0DD00EFE699 /* Debug */ = {
			isa = XCBuildConfiguration;
			buildSettings = {
				ALWAYS_SEARCH_USER_PATHS = NO;
				CLANG_CXX_LANGUAGE_STANDARD = "gnu++0x";
				CLANG_CXX_LIBRARY = "libc++";
				CLANG_ENABLE_MODULES = YES;
				CLANG_ENABLE_OBJC_ARC = YES;
				CLANG_WARN_BOOL_CONVERSION = YES;
				CLANG_WARN_CONSTANT_CONVERSION = YES;
				CLANG_WARN_DIRECT_OBJC_ISA_USAGE = YES_ERROR;
				CLANG_WARN_EMPTY_BODY = YES;
				CLANG_WARN_ENUM_CONVERSION = YES;
				CLANG_WARN_INT_CONVERSION = YES;
				CLANG_WARN_OBJC_ROOT_CLASS = YES_ERROR;
				CLANG_WARN_UNREACHABLE_CODE = YES;
				CLANG_WARN__DUPLICATE_METHOD_MATCH = YES;
				"CODE_SIGN_IDENTITY[sdk=iphoneos*]" = "iPhone Developer";
				COPY_PHASE_STRIP = NO;
				DEBUG_INFORMATION_FORMAT = "dwarf-with-dsym";
				ENABLE_STRICT_OBJC_MSGSEND = YES;
				GCC_C_LANGUAGE_STANDARD = gnu99;
				GCC_DYNAMIC_NO_PIC = NO;
				GCC_NO_COMMON_BLOCKS = YES;
				GCC_OPTIMIZATION_LEVEL = 0;
				GCC_PREPROCESSOR_DEFINITIONS = (
					"DEBUG=1",
					"$(inherited)",
				);
				GCC_SYMBOLS_PRIVATE_EXTERN = NO;
				GCC_WARN_64_TO_32_BIT_CONVERSION = YES;
				GCC_WARN_ABOUT_RETURN_TYPE = YES_ERROR;
				GCC_WARN_UNDECLARED_SELECTOR = YES;
				GCC_WARN_UNINITIALIZED_AUTOS = YES_AGGRESSIVE;
				GCC_WARN_UNUSED_FUNCTION = YES;
				GCC_WARN_UNUSED_VARIABLE = YES;
				IPHONEOS_DEPLOYMENT_TARGET = 8.4;
				MTL_ENABLE_DEBUG_INFO = YES;
				ONLY_ACTIVE_ARCH = YES;
				SDKROOT = iphoneos;
				SWIFT_OPTIMIZATION_LEVEL = "-Onone";
			};
			name = Debug;
		};
		A724A3B01C7CD0DD00EFE699 /* Release */ = {
			isa = XCBuildConfiguration;
			buildSettings = {
				ALWAYS_SEARCH_USER_PATHS = NO;
				CLANG_CXX_LANGUAGE_STANDARD = "gnu++0x";
				CLANG_CXX_LIBRARY = "libc++";
				CLANG_ENABLE_MODULES = YES;
				CLANG_ENABLE_OBJC_ARC = YES;
				CLANG_WARN_BOOL_CONVERSION = YES;
				CLANG_WARN_CONSTANT_CONVERSION = YES;
				CLANG_WARN_DIRECT_OBJC_ISA_USAGE = YES_ERROR;
				CLANG_WARN_EMPTY_BODY = YES;
				CLANG_WARN_ENUM_CONVERSION = YES;
				CLANG_WARN_INT_CONVERSION = YES;
				CLANG_WARN_OBJC_ROOT_CLASS = YES_ERROR;
				CLANG_WARN_UNREACHABLE_CODE = YES;
				CLANG_WARN__DUPLICATE_METHOD_MATCH = YES;
				"CODE_SIGN_IDENTITY[sdk=iphoneos*]" = "iPhone Developer";
				COPY_PHASE_STRIP = NO;
				DEBUG_INFORMATION_FORMAT = "dwarf-with-dsym";
				ENABLE_NS_ASSERTIONS = NO;
				ENABLE_STRICT_OBJC_MSGSEND = YES;
				GCC_C_LANGUAGE_STANDARD = gnu99;
				GCC_NO_COMMON_BLOCKS = YES;
				GCC_WARN_64_TO_32_BIT_CONVERSION = YES;
				GCC_WARN_ABOUT_RETURN_TYPE = YES_ERROR;
				GCC_WARN_UNDECLARED_SELECTOR = YES;
				GCC_WARN_UNINITIALIZED_AUTOS = YES_AGGRESSIVE;
				GCC_WARN_UNUSED_FUNCTION = YES;
				GCC_WARN_UNUSED_VARIABLE = YES;
				IPHONEOS_DEPLOYMENT_TARGET = 8.4;
				MTL_ENABLE_DEBUG_INFO = NO;
				SDKROOT = iphoneos;
				VALIDATE_PRODUCT = YES;
			};
			name = Release;
		};
		A724A3B21C7CD0DD00EFE699 /* Debug */ = {
			isa = XCBuildConfiguration;
			buildSettings = {
				ASSETCATALOG_COMPILER_APPICON_NAME = AppIcon;
				CLANG_ENABLE_MODULES = YES;
				INFOPLIST_FILE = TCAlertViewSwift/Info.plist;
				LD_RUNPATH_SEARCH_PATHS = "$(inherited) @executable_path/Frameworks";
				PRODUCT_NAME = "$(TARGET_NAME)";
				SWIFT_OBJC_BRIDGING_HEADER = "TCAlertViewSwift/TCAlertViewSwift-Bridging-Header.h";
				SWIFT_OPTIMIZATION_LEVEL = "-Onone";
			};
			name = Debug;
		};
		A724A3B31C7CD0DD00EFE699 /* Release */ = {
			isa = XCBuildConfiguration;
			buildSettings = {
				ASSETCATALOG_COMPILER_APPICON_NAME = AppIcon;
				CLANG_ENABLE_MODULES = YES;
				INFOPLIST_FILE = TCAlertViewSwift/Info.plist;
				LD_RUNPATH_SEARCH_PATHS = "$(inherited) @executable_path/Frameworks";
				PRODUCT_NAME = "$(TARGET_NAME)";
				SWIFT_OBJC_BRIDGING_HEADER = "TCAlertViewSwift/TCAlertViewSwift-Bridging-Header.h";
			};
			name = Release;
		};
		A724A3B51C7CD0DD00EFE699 /* Debug */ = {
			isa = XCBuildConfiguration;
			buildSettings = {
				BUNDLE_LOADER = "$(TEST_HOST)";
				FRAMEWORK_SEARCH_PATHS = (
					"$(SDKROOT)/Developer/Library/Frameworks",
					"$(inherited)",
				);
				GCC_PREPROCESSOR_DEFINITIONS = (
					"DEBUG=1",
					"$(inherited)",
				);
				INFOPLIST_FILE = TCAlertViewSwiftTests/Info.plist;
				LD_RUNPATH_SEARCH_PATHS = "$(inherited) @executable_path/Frameworks @loader_path/Frameworks";
				PRODUCT_NAME = "$(TARGET_NAME)";
				TEST_HOST = "$(BUILT_PRODUCTS_DIR)/TCAlertViewSwift.app/TCAlertViewSwift";
			};
			name = Debug;
		};
		A724A3B61C7CD0DD00EFE699 /* Release */ = {
			isa = XCBuildConfiguration;
			buildSettings = {
				BUNDLE_LOADER = "$(TEST_HOST)";
				FRAMEWORK_SEARCH_PATHS = (
					"$(SDKROOT)/Developer/Library/Frameworks",
					"$(inherited)",
				);
				INFOPLIST_FILE = TCAlertViewSwiftTests/Info.plist;
				LD_RUNPATH_SEARCH_PATHS = "$(inherited) @executable_path/Frameworks @loader_path/Frameworks";
				PRODUCT_NAME = "$(TARGET_NAME)";
				TEST_HOST = "$(BUILT_PRODUCTS_DIR)/TCAlertViewSwift.app/TCAlertViewSwift";
			};
			name = Release;
		};
/* End XCBuildConfiguration section */

/* Begin XCConfigurationList section */
		A724A38D1C7CD0DD00EFE699 /* Build configuration list for PBXProject "TCAlertViewSwift" */ = {
			isa = XCConfigurationList;
			buildConfigurations = (
				A724A3AF1C7CD0DD00EFE699 /* Debug */,
				A724A3B01C7CD0DD00EFE699 /* Release */,
			);
			defaultConfigurationIsVisible = 0;
			defaultConfigurationName = Release;
		};
		A724A3B11C7CD0DD00EFE699 /* Build configuration list for PBXNativeTarget "TCAlertViewSwift" */ = {
			isa = XCConfigurationList;
			buildConfigurations = (
				A724A3B21C7CD0DD00EFE699 /* Debug */,
				A724A3B31C7CD0DD00EFE699 /* Release */,
			);
			defaultConfigurationIsVisible = 0;
			defaultConfigurationName = Release;
		};
		A724A3B41C7CD0DD00EFE699 /* Build configuration list for PBXNativeTarget "TCAlertViewSwiftTests" */ = {
			isa = XCConfigurationList;
			buildConfigurations = (
				A724A3B51C7CD0DD00EFE699 /* Debug */,
				A724A3B61C7CD0DD00EFE699 /* Release */,
			);
			defaultConfigurationIsVisible = 0;
			defaultConfigurationName = Release;
		};
/* End XCConfigurationList section */
	};
	rootObject = A724A38A1C7CD0DD00EFE699 /* Project object */;
}
